
Microsoft Visual Studio Solution File, Format Version 12.00
# Visual Studio Version 17
VisualStudioVersion = 17.7.34221.43
MinimumVisualStudioVersion = 10.0.40219.1
Project("{FAE04EC0-301F-11D3-BF4B-00C04F79EFBC}") = "Login", "Menu\Login.csproj", "{F0DBBDF6-699B-41E6-9BD9-A30E0501C892}"
EndProject
Project("{FAE04EC0-301F-11D3-BF4B-00C04F79EFBC}") = "Negocios", "Negocios\Negocios.csproj", "{9DABAFB5-0C39-4864-BB6E-35D10819DF8F}"
EndProject
Project("{FAE04EC0-301F-11D3-BF4B-00C04F79EFBC}") = "Datos", "Datos\Datos.csproj", "{C25909B7-7F4C-4FFA-9D51-25604EF8646C}"
EndProject
Project("{FAE04EC0-301F-11D3-BF4B-00C04F79EFBC}") = "Entidades", "Entidades\Entidades.csproj", "{129009C8-02FB-4D2B-981A-80BFBC7FBFD0}"
EndProject
Global
	GlobalSection(SolutionConfigurationPlatforms) = preSolution
		Debug|Any CPU = Debug|Any CPU
		Release|Any CPU = Release|Any CPU
	EndGlobalSection
	GlobalSection(ProjectConfigurationPlatforms) = postSolution
		{F0DBBDF6-699B-41E6-9BD9-A30E0501C892}.Debug|Any CPU.ActiveCfg = Debug|Any CPU
		{F0DBBDF6-699B-41E6-9BD9-A30E0501C892}.Debug|Any CPU.Build.0 = Debug|Any CPU
		{F0DBBDF6-699B-41E6-9BD9-A30E0501C892}.Release|Any CPU.ActiveCfg = Release|Any CPU
		{F0DBBDF6-699B-41E6-9BD9-A30E0501C892}.Release|Any CPU.Build.0 = Release|Any CPU
		{9DABAFB5-0C39-4864-BB6E-35D10819DF8F}.Debug|Any CPU.ActiveCfg = Debug|Any CPU
		{9DABAFB5-0C39-4864-BB6E-35D10819DF8F}.Debug|Any CPU.Build.0 = Debug|Any CPU
		{9DABAFB5-0C39-4864-BB6E-35D10819DF8F}.Release|Any CPU.ActiveCfg = Release|Any CPU
		{9DABAFB5-0C39-4864-BB6E-35D10819DF8F}.Release|Any CPU.Build.0 = Release|Any CPU
		{C25909B7-7F4C-4FFA-9D51-25604EF8646C}.Debug|Any CPU.ActiveCfg = Debug|Any CPU
		{C25909B7-7F4C-4FFA-9D51-25604EF8646C}.Debug|Any CPU.Build.0 = Debug|Any CPU
		{C25909B7-7F4C-4FFA-9D51-25604EF8646C}.Release|Any CPU.ActiveCfg = Release|Any CPU
		{C25909B7-7F4C-4FFA-9D51-25604EF8646C}.Release|Any CPU.Build.0 = Release|Any CPU
		{129009C8-02FB-4D2B-981A-80BFBC7FBFD0}.Debug|Any CPU.ActiveCfg = Debug|Any CPU
		{129009C8-02FB-4D2B-981A-80BFBC7FBFD0}.Debug|Any CPU.Build.0 = Debug|Any CPU
		{129009C8-02FB-4D2B-981A-80BFBC7FBFD0}.Release|Any CPU.ActiveCfg = Release|Any CPU
		{129009C8-02FB-4D2B-981A-80BFBC7FBFD0}.Release|Any CPU.Build.0 = Release|Any CPU
	EndGlobalSection
	GlobalSection(SolutionProperties) = preSolution
		HideSolutionNode = FALSE
	EndGlobalSection
	GlobalSection(ExtensibilityGlobals) = postSolution
		SolutionGuid = {E9C70AE3-8CAB-4DCC-A85C-6BBCB5D21B66}
	EndGlobalSection
EndGlobal
